// !$*UTF8*$!
{
	archiveVersion = 1;
	classes = {
	};
	objectVersion = 56;
	objects = {

/* Begin PBXBuildFile section */
		100000000000000000000001 /* AppDelegate.swift in Sources */ = {isa = PBXBuildFile; fileRef = 100000000000000000000011 /* AppDelegate.swift */; };
		7CF7C984BE3B74B7E4C1FB19 /* Pods_CompatibilityHost.framework in Frameworks */ = {isa = PBXBuildFile; fileRef = AC000A63295EDD83ED416BC8 /* Pods_CompatibilityHost.framework */; };
/* End PBXBuildFile section */

/* Begin PBXFileReference section */
		100000000000000000000011 /* AppDelegate.swift */ = {isa = PBXFileReference; lastKnownFileType = sourcecode.swift; path = AppDelegate.swift; sourceTree = "<group>"; };
		100000000000000000000012 /* Info.plist */ = {isa = PBXFileReference; lastKnownFileType = text.plist.xml; path = Info.plist; sourceTree = "<group>"; };
		100000000000000000000013 /* CompatibilityHost.app */ = {isa = PBXFileReference; explicitFileType = wrapper.application; includeInIndex = 0; path = CompatibilityHost.app; sourceTree = BUILT_PRODUCTS_DIR; };
		100000000000000000000014 /* Debug.xcconfig */ = {isa = PBXFileReference; lastKnownFileType = text.xcconfig; path = Config/Debug.xcconfig; sourceTree = "<group>"; };
		100000000000000000000015 /* Release.xcconfig */ = {isa = PBXFileReference; lastKnownFileType = text.xcconfig; path = Config/Release.xcconfig; sourceTree = "<group>"; };
		4D0FB115EE9250A47B9A1F8B /* Pods-CompatibilityHost.release.xcconfig */ = {isa = PBXFileReference; includeInIndex = 1; lastKnownFileType = text.xcconfig; name = "Pods-CompatibilityHost.release.xcconfig"; path = "Target Support Files/Pods-CompatibilityHost/Pods-CompatibilityHost.release.xcconfig"; sourceTree = "<group>"; };
		AC000A63295EDD83ED416BC8 /* Pods_CompatibilityHost.framework */ = {isa = PBXFileReference; explicitFileType = wrapper.framework; includeInIndex = 0; path = Pods_CompatibilityHost.framework; sourceTree = BUILT_PRODUCTS_DIR; };
		BF0B9F633D79B9D504172F2B /* Pods-CompatibilityHost.debug.xcconfig */ = {isa = PBXFileReference; includeInIndex = 1; lastKnownFileType = text.xcconfig; name = "Pods-CompatibilityHost.debug.xcconfig"; path = "Target Support Files/Pods-CompatibilityHost/Pods-CompatibilityHost.debug.xcconfig"; sourceTree = "<group>"; };
/* End PBXFileReference section */

/* Begin PBXFrameworksBuildPhase section */
		100000000000000000000021 /* Frameworks */ = {
			isa = PBXFrameworksBuildPhase;
			buildActionMask = 2147483647;
			files = (
				7CF7C984BE3B74B7E4C1FB19 /* Pods_CompatibilityHost.framework in Frameworks */,
			);
			runOnlyForDeploymentPostprocessing = 0;
		};
/* End PBXFrameworksBuildPhase section */

/* Begin PBXGroup section */
		100000000000000000000031 = {
			isa = PBXGroup;
			children = (
				100000000000000000000032 /* CompatibilityHost */,
				100000000000000000000033 /* Products */,
				414F3192F5A56B5A6A1CFB6E /* Pods */,
				56816D1B7BF4758E8BF32FC8 /* Frameworks */,
			);
			sourceTree = "<group>";
		};
		100000000000000000000032 /* CompatibilityHost */ = {
			isa = PBXGroup;
			children = (
				100000000000000000000011 /* AppDelegate.swift */,
				100000000000000000000012 /* Info.plist */,
				100000000000000000000014 /* Debug.xcconfig */,
				100000000000000000000015 /* Release.xcconfig */,
			);
			name = CompatibilityHost;
			sourceTree = "<group>";
		};
		100000000000000000000033 /* Products */ = {
			isa = PBXGroup;
			children = (
				100000000000000000000013 /* CompatibilityHost.app */,
			);
			name = Products;
			sourceTree = "<group>";
		};
		414F3192F5A56B5A6A1CFB6E /* Pods */ = {
			isa = PBXGroup;
			children = (
				BF0B9F633D79B9D504172F2B /* Pods-CompatibilityHost.debug.xcconfig */,
				4D0FB115EE9250A47B9A1F8B /* Pods-CompatibilityHost.release.xcconfig */,
			);
			name = Pods;
			path = Pods;
			sourceTree = "<group>";
		};
		56816D1B7BF4758E8BF32FC8 /* Frameworks */ = {
			isa = PBXGroup;
			children = (
				AC000A63295EDD83ED416BC8 /* Pods_CompatibilityHost.framework */,
			);
			name = Frameworks;
			sourceTree = "<group>";
		};
/* End PBXGroup section */

/* Begin PBXNativeTarget section */
		100000000000000000000041 /* CompatibilityHost */ = {
			isa = PBXNativeTarget;
			buildConfigurationList = 100000000000000000000051 /* Build configuration list for PBXNativeTarget "CompatibilityHost" */;
			buildPhases = (
				A16E4D034C1C52E82C532686 /* [CP] Check Pods Manifest.lock */,
				100000000000000000000061 /* Sources */,
				100000000000000000000021 /* Frameworks */,
				100000000000000000000062 /* Embed Flutter Framework */,
				792ABC34549487451B24C26B /* [CP] Embed Pods Frameworks */,
			);
			buildRules = (
			);
			dependencies = (
			);
			name = CompatibilityHost;
			productName = CompatibilityHost;
			productReference = 100000000000000000000013 /* CompatibilityHost.app */;
			productType = "com.apple.product-type.application";
		};
/* End PBXNativeTarget section */

/* Begin PBXProject section */
		100000000000000000000071 /* Project object */ = {
			isa = PBXProject;
			attributes = {
				LastUpgradeCheck = 2620;
				TargetAttributes = {
					100000000000000000000041 = {
						CreatedOnToolsVersion = 26.2;
					};
				};
			};
			buildConfigurationList = 100000000000000000000081 /* Build configuration list for PBXProject "CompatibilityHost" */;
			compatibilityVersion = "Xcode 14.0";
			developmentRegion = en;
			hasScannedForEncodings = 0;
			knownRegions = (
				en,
				Base,
			);
			mainGroup = 100000000000000000000031;
			productRefGroup = 100000000000000000000033 /* Products */;
			projectDirPath = "";
			projectRoot = "";
			targets = (
				100000000000000000000041 /* CompatibilityHost */,
			);
		};
/* End PBXProject section */

/* Begin PBXShellScriptBuildPhase section */
		100000000000000000000062 /* Embed Flutter Framework */ = {
			isa = PBXShellScriptBuildPhase;
			buildActionMask = 2147483647;
			files = ();
			inputPaths = (
				"$(FLUTTER_ROOT)/bin/cache/artifacts/engine/ios/Flutter.xcframework/ios-arm64_x86_64-simulator/Flutter.framework",
			);
			name = "Embed Flutter Framework";
			outputPaths = (
				"$(TARGET_BUILD_DIR)/$(FRAMEWORKS_FOLDER_PATH)/Flutter.framework",
			);
			runOnlyForDeploymentPostprocessing = 0;
			shellPath = /bin/sh;
			shellScript = "set -e\nif [ \"$PLATFORM_NAME\" = iphonesimulator ]; then\n  slice=ios-arm64_x86_64-simulator\nelse\n  slice=ios-arm64\nfi\nsource=\"${FLUTTER_ROOT}/bin/cache/artifacts/engine/ios/Flutter.xcframework/$slice/Flutter.framework\"\ndestination=\"$TARGET_BUILD_DIR/$FRAMEWORKS_FOLDER_PATH\"\nmkdir -p \"$destination\"\nrsync -a --delete \"$source\" \"$destination/\"\n";
		};
		792ABC34549487451B24C26B /* [CP] Embed Pods Frameworks */ = {
			isa = PBXShellScriptBuildPhase;
			buildActionMask = 2147483647;
			files = (
			);
			inputFileListPaths = (
				"${PODS_ROOT}/Target Support Files/Pods-CompatibilityHost/Pods-CompatibilityHost-frameworks-${CONFIGURATION}-input-files.xcfilelist",
			);
			name = "[CP] Embed Pods Frameworks";
			outputFileListPaths = (
				"${PODS_ROOT}/Target Support Files/Pods-CompatibilityHost/Pods-CompatibilityHost-frameworks-${CONFIGURATION}-output-files.xcfilelist",
			);
			runOnlyForDeploymentPostprocessing = 0;
			shellPath = /bin/sh;
			shellScript = "\"${PODS_ROOT}/Target Support Files/Pods-CompatibilityHost/Pods-CompatibilityHost-frameworks.sh\"\n";
			showEnvVarsInLog = 0;
		};
		A16E4D034C1C52E82C532686 /* [CP] Check Pods Manifest.lock */ = {
			isa = PBXShellScriptBuildPhase;
			buildActionMask = 2147483647;
			files = (
			);
			inputFileListPaths = (
			);
			inputPaths = (
				"${PODS_PODFILE_DIR_PATH}/Podfile.lock",
				"${PODS_ROOT}/Manifest.lock",
			);
			name = "[CP] Check Pods Manifest.lock";
			outputFileListPaths = (
			);
			outputPaths = (
				"$(DERIVED_FILE_DIR)/Pods-CompatibilityHost-checkManifestLockResult.txt",
			);
			runOnlyForDeploymentPostprocessing = 0;
			shellPath = /bin/sh;
			shellScript = "diff \"${PODS_PODFILE_DIR_PATH}/Podfile.lock\" \"${PODS_ROOT}/Manifest.lock\" > /dev/null\nif [ $? != 0 ] ; then\n    # print error to STDERR\n    echo \"error: The sandbox is not in sync with the Podfile.lock. Run 'pod install' or update your CocoaPods installation.\" >&2\n    exit 1\nfi\n# This output is used by Xcode 'outputs' to avoid re-running this script phase.\necho \"SUCCESS\" > \"${SCRIPT_OUTPUT_FILE_0}\"\n";
			showEnvVarsInLog = 0;
		};
/* End PBXShellScriptBuildPhase section */

/* Begin PBXSourcesBuildPhase section */
		100000000000000000000061 /* Sources */ = {
			isa = PBXSourcesBuildPhase;
			buildActionMask = 2147483647;
			files = (
				100000000000000000000001 /* AppDelegate.swift in Sources */,
			);
			runOnlyForDeploymentPostprocessing = 0;
		};
/* End PBXSourcesBuildPhase section */

/* Begin XCBuildConfiguration section */
		100000000000000000000091 /* Debug */ = {
			isa = XCBuildConfiguration;
			buildSettings = {
				CLANG_ENABLE_MODULES = YES;
				IPHONEOS_DEPLOYMENT_TARGET = 18.2;
				SDKROOT = iphoneos;
			};
			name = Debug;
		};
		100000000000000000000092 /* Release */ = {
			isa = XCBuildConfiguration;
			buildSettings = {
				CLANG_ENABLE_MODULES = YES;
				IPHONEOS_DEPLOYMENT_TARGET = 18.2;
				SDKROOT = iphoneos;
			};
			name = Release;
		};
		100000000000000000000093 /* Debug */ = {
			isa = XCBuildConfiguration;
			baseConfigurationReference = 100000000000000000000014 /* Debug.xcconfig */;
			buildSettings = {
				CODE_SIGN_STYLE = Automatic;
				CURRENT_PROJECT_VERSION = 1;
				GENERATE_INFOPLIST_FILE = NO;
				INFOPLIST_FILE = Info.plist;
				IPHONEOS_DEPLOYMENT_TARGET = 18.2;
				MARKETING_VERSION = 1.0;
				PRODUCT_BUNDLE_IDENTIFIER = com.mattsp1290.workspaceflutter.compatibilityhost;
				PRODUCT_NAME = "$(TARGET_NAME)";
				SWIFT_VERSION = 5.0;
				TARGETED_DEVICE_FAMILY = "1,2";
			};
			name = Debug;
		};
		100000000000000000000094 /* Release */ = {
			isa = XCBuildConfiguration;
			baseConfigurationReference = 100000000000000000000015 /* Release.xcconfig */;
			buildSettings = {
				CODE_SIGN_STYLE = Automatic;
				CURRENT_PROJECT_VERSION = 1;
				GENERATE_INFOPLIST_FILE = NO;
				INFOPLIST_FILE = Info.plist;
				IPHONEOS_DEPLOYMENT_TARGET = 18.2;
				MARKETING_VERSION = 1.0;
				PRODUCT_BUNDLE_IDENTIFIER = com.mattsp1290.workspaceflutter.compatibilityhost;
				PRODUCT_NAME = "$(TARGET_NAME)";
				SWIFT_VERSION = 5.0;
				TARGETED_DEVICE_FAMILY = "1,2";
			};
			name = Release;
		};
/* End XCBuildConfiguration section */

/* Begin XCConfigurationList section */
		100000000000000000000051 /* Build configuration list for PBXNativeTarget "CompatibilityHost" */ = {
			isa = XCConfigurationList;
			buildConfigurations = (
				100000000000000000000093 /* Debug */,
				100000000000000000000094 /* Release */,
			);
			defaultConfigurationIsVisible = 0;
			defaultConfigurationName = Release;
		};
		100000000000000000000081 /* Build configuration list for PBXProject "CompatibilityHost" */ = {
			isa = XCConfigurationList;
			buildConfigurations = (
				100000000000000000000091 /* Debug */,
				100000000000000000000092 /* Release */,
			);
			defaultConfigurationIsVisible = 0;
			defaultConfigurationName = Release;
		};
/* End XCConfigurationList section */
	};
	rootObject = 100000000000000000000071 /* Project object */;
}
